
Microsoft Visual Studio Solution File, Format Version 12.00
# Visual Studio Version 17
VisualStudioVersion = 17.7.34031.279
MinimumVisualStudioVersion = 10.0.40219.1
Project("{9A19103F-16F7-4668-BE54-9A1E7A4F7556}") = "PlayerRandomSwapper", "玩家位置随机互换\PlayerRandomSwapper.csproj", "{BBE15F06-BBA6-49AE-9AB2-440793506B3F}"
EndProject
Global
	GlobalSection(SolutionConfigurationPlatforms) = preSolution
		Debug|Any CPU = Debug|Any CPU
		Release|Any CPU = Release|Any CPU
	EndGlobalSection
	GlobalSection(ProjectConfigurationPlatforms) = postSolution
		{BBE15F06-BBA6-49AE-9AB2-440793506B3F}.Debug|Any CPU.ActiveCfg = Debug|Any CPU
		{BBE15F06-BBA6-49AE-9AB2-440793506B3F}.Debug|Any CPU.Build.0 = Debug|Any CPU
		{BBE15F06-BBA6-49AE-9AB2-440793506B3F}.Release|Any CPU.ActiveCfg = Release|Any CPU
		{BBE15F06-BBA6-49AE-9AB2-440793506B3F}.Release|Any CPU.Build.0 = Release|Any CPU
	EndGlobalSection
	GlobalSection(SolutionProperties) = preSolution
		HideSolutionNode = FALSE
	EndGlobalSection
	GlobalSection(ExtensibilityGlobals) = postSolution
		SolutionGuid = {04B6D6AE-7937-4135-AED5-F2F3FEC9E9BD}
	EndGlobalSection
EndGlobal
